dependencies:
- name: home-cloud-base
  repository: file://../base
  version: 0.1.0
- name: home-cloud-auth
  repository: file://../auth
  version: 0.1.0
- name: home-cloud-storage
  repository: file://../storage
  version: 0.1.0
- name: home-cloud-secrets
  repository: file://../secrets
  version: 0.1.0
- name: home-cloud-serverless
  repository: file://../serverless
  version: 0.1.0
- name: home-cloud-registry
  repository: file://../registry
  version: 0.1.0
- name: home-cloud-observability
  repository: file://../observability
  version: 0.1.0
- name: home-cloud-security
  repository: file://../security
  version: 0.1.0
digest: sha256:e1961d0e2cd8bdb62ead0c5e3532d2cc4c98259b97f7d2d728c8fde32fc1a6b0
generated: "2026-09-10T16:48:29.306948369+01:00"
